
Microsoft Visual Studio Solution File, Format Version 12.00
# Visual Studio Version 17
VisualStudioVersion = 17.4.33110.190
MinimumVisualStudioVersion = 10.0.40219.1
Project("{FAE04EC0-301F-11D3-BF4B-00C04F79EFBC}") = "LABOOP00A", "LABOOP00A\LABOOP00A.csproj", "{9B6BAC92-0F51-4EA3-9321-8CEE687F41C9}"
EndProject
Global
	GlobalSection(SolutionConfigurationPlatforms) = preSolution
		Debug|Any CPU = Debug|Any CPU
		Release|Any CPU = Release|Any CPU
	EndGlobalSection
	GlobalSection(ProjectConfigurationPlatforms) = postSolution
		{9B6BAC92-0F51-4EA3-9321-8CEE687F41C9}.Debug|Any CPU.ActiveCfg = Debug|Any CPU
		{9B6BAC92-0F51-4EA3-9321-8CEE687F41C9}.Debug|Any CPU.Build.0 = Debug|Any CPU
		{9B6BAC92-0F51-4EA3-9321-8CEE687F41C9}.Release|Any CPU.ActiveCfg = Release|Any CPU
		{9B6BAC92-0F51-4EA3-9321-8CEE687F41C9}.Release|Any CPU.Build.0 = Release|Any CPU
	EndGlobalSection
	GlobalSection(SolutionProperties) = preSolution
		HideSolutionNode = FALSE
	EndGlobalSection
	GlobalSection(ExtensibilityGlobals) = postSolution
		SolutionGuid = {530940D3-E648-439B-983B-8CF76C5A0D90}
	EndGlobalSection
EndGlobal
